
Microsoft Visual Studio Solution File, Format Version 12.00
# Visual Studio Version 17
VisualStudioVersion = 17.1.32407.343
MinimumVisualStudioVersion = 10.0.40219.1
Project("{FAE04EC0-301F-11D3-BF4B-00C04F79EFBC}") = "BooksCatalog", "BooksCatalog.csproj", "{849F9252-0E04-4140-B97C-C49ECFE64FF9}"
EndProject
Project("{FAE04EC0-301F-11D3-BF4B-00C04F79EFBC}") = "Persistence", "Persistence\Persistence.csproj", "{7885E0D0-9F2B-4FA6-8267-4C735ED0E653}"
EndProject
Project("{FAE04EC0-301F-11D3-BF4B-00C04F79EFBC}") = "Domain", "Domain\Domain.csproj", "{BCA34B81-7EFF-4489-AF74-7558CA7B0D6C}"
EndProject
Global
	GlobalSection(SolutionConfigurationPlatforms) = preSolution
		Debug|Any CPU = Debug|Any CPU
		Release|Any CPU = Release|Any CPU
	EndGlobalSection
	GlobalSection(ProjectConfigurationPlatforms) = postSolution
		{849F9252-0E04-4140-B97C-C49ECFE64FF9}.Debug|Any CPU.ActiveCfg = Debug|Any CPU
		{849F9252-0E04-4140-B97C-C49ECFE64FF9}.Debug|Any CPU.Build.0 = Debug|Any CPU
		{849F9252-0E04-4140-B97C-C49ECFE64FF9}.Release|Any CPU.ActiveCfg = Release|Any CPU
		{849F9252-0E04-4140-B97C-C49ECFE64FF9}.Release|Any CPU.Build.0 = Release|Any CPU
		{7885E0D0-9F2B-4FA6-8267-4C735ED0E653}.Debug|Any CPU.ActiveCfg = Debug|Any CPU
		{7885E0D0-9F2B-4FA6-8267-4C735ED0E653}.Debug|Any CPU.Build.0 = Debug|Any CPU
		{7885E0D0-9F2B-4FA6-8267-4C735ED0E653}.Release|Any CPU.ActiveCfg = Release|Any CPU
		{7885E0D0-9F2B-4FA6-8267-4C735ED0E653}.Release|Any CPU.Build.0 = Release|Any CPU
		{BCA34B81-7EFF-4489-AF74-7558CA7B0D6C}.Debug|Any CPU.ActiveCfg = Debug|Any CPU
		{BCA34B81-7EFF-4489-AF74-7558CA7B0D6C}.Debug|Any CPU.Build.0 = Debug|Any CPU
		{BCA34B81-7EFF-4489-AF74-7558CA7B0D6C}.Release|Any CPU.ActiveCfg = Release|Any CPU
		{BCA34B81-7EFF-4489-AF74-7558CA7B0D6C}.Release|Any CPU.Build.0 = Release|Any CPU
	EndGlobalSection
	GlobalSection(SolutionProperties) = preSolution
		HideSolutionNode = FALSE
	EndGlobalSection
	GlobalSection(ExtensibilityGlobals) = postSolution
		SolutionGuid = {37FB751B-D35A-4F58-80C4-8A5214E365F1}
	EndGlobalSection
EndGlobal
